
Microsoft Visual Studio Solution File, Format Version 12.00
# Visual Studio Version 16
VisualStudioVersion = 16.0.31613.86
MinimumVisualStudioVersion = 10.0.40219.1
Project("{FAE04EC0-301F-11D3-BF4B-00C04F79EFBC}") = "Calculator", "Calculator\Calculator.csproj", "{67B46C59-74A7-40E1-AB8D-72096783D024}"
EndProject
Global
	GlobalSection(SolutionConfigurationPlatforms) = preSolution
		Debug|Any CPU = Debug|Any CPU
		Release|Any CPU = Release|Any CPU
	EndGlobalSection
	GlobalSection(ProjectConfigurationPlatforms) = postSolution
		{67B46C59-74A7-40E1-AB8D-72096783D024}.Debug|Any CPU.ActiveCfg = Debug|Any CPU
		{67B46C59-74A7-40E1-AB8D-72096783D024}.Debug|Any CPU.Build.0 = Debug|Any CPU
		{67B46C59-74A7-40E1-AB8D-72096783D024}.Release|Any CPU.ActiveCfg = Release|Any CPU
		{67B46C59-74A7-40E1-AB8D-72096783D024}.Release|Any CPU.Build.0 = Release|Any CPU
	EndGlobalSection
	GlobalSection(SolutionProperties) = preSolution
		HideSolutionNode = FALSE
	EndGlobalSection
	GlobalSection(ExtensibilityGlobals) = postSolution
		SolutionGuid = {C8939249-E760-4EED-9756-32435610BA4E}
	EndGlobalSection
EndGlobal
